
Microsoft Visual Studio Solution File, Format Version 12.00
# Visual Studio 2013
VisualStudioVersion = 12.0.31101.0
MinimumVisualStudioVersion = 10.0.40219.1
Project("{FAE04EC0-301F-11D3-BF4B-00C04F79EFBC}") = "NumbersFromOneToN", "NumbersFromOneToN\NumbersFromOneToN.csproj", "{7A6A2735-04BC-40CF-9238-AFA193A783E2}"
EndProject
Project("{2150E333-8FDC-42A3-9474-1A3956D46DE8}") = "01 [Numbers from 1 to N]", "01 [Numbers from 1 to N]", "{EE3E2A2F-5BE5-465A-BA67-297E3E8EDF28}"
EndProject
Project("{2150E333-8FDC-42A3-9474-1A3956D46DE8}") = "02 [Numbers Not Divisible by 3 and 7]", "02 [Numbers Not Divisible by 3 and 7]", "{B9837E18-E2EB-4112-A243-CBC4CD988BDD}"
EndProject
Project("{FAE04EC0-301F-11D3-BF4B-00C04F79EFBC}") = "NumbersNotDivisibleBy3And7", "NumbersNotDivisibleBy3And7\NumbersNotDivisibleBy3And7.csproj", "{ADF2ABA3-F7C6-4D63-A417-35F1722F99C2}"
EndProject
Project("{2150E333-8FDC-42A3-9474-1A3956D46DE8}") = "03 [Min, Max, Sum and Average of N Numbers]", "03 [Min, Max, Sum and Average of N Numbers]", "{981A4E3C-EBEC-49FA-9596-CF1E15DCB47B}"
EndProject
Project("{FAE04EC0-301F-11D3-BF4B-00C04F79EFBC}") = "MinMaxSumAndAverage", "MinMaxSumAndAverage\MinMaxSumAndAverage.csproj", "{FF699E1A-0A61-4E10-898F-A5858B2DE03E}"
EndProject
Project("{2150E333-8FDC-42A3-9474-1A3956D46DE8}") = "04 [Print a Deck of 52 Cards]", "04 [Print a Deck of 52 Cards]", "{362A82C6-1EE9-4439-A644-945738AB0048}"
EndProject
Project("{FAE04EC0-301F-11D3-BF4B-00C04F79EFBC}") = "PrintADeckOf52Cards", "PrintADeckOf52Cards\PrintADeckOf52Cards.csproj", "{82594E3D-3C20-4C5C-82BA-55DEDBDF95C8}"
EndProject
Project("{2150E333-8FDC-42A3-9474-1A3956D46DE8}") = "05 [Calculate]", "05 [Calculate]", "{CE12C626-37A2-4FB9-B88F-7E06787E1326}"
EndProject
Project("{FAE04EC0-301F-11D3-BF4B-00C04F79EFBC}") = "Calculate", "Calculate\Calculate.csproj", "{B9F71EFC-DA5C-46F0-B8F3-989653A2BC28}"
EndProject
Project("{2150E333-8FDC-42A3-9474-1A3956D46DE8}") = "06 [Calculate NK]", "06 [Calculate NK]", "{1E3FC181-38D2-40FC-B968-5BDA6C89EA51}"
EndProject
Project("{FAE04EC0-301F-11D3-BF4B-00C04F79EFBC}") = "CalculateNK", "CalculateNK\CalculateNK.csproj", "{06460E1C-1CAB-474C-AC2E-5A2A28BCE368}"
EndProject
Project("{2150E333-8FDC-42A3-9474-1A3956D46DE8}") = "07 [Combinations]", "07 [Combinations]", "{0388CA76-40B3-450C-AD28-B49F3D86EE88}"
EndProject
Project("{FAE04EC0-301F-11D3-BF4B-00C04F79EFBC}") = "Combinations", "Combinations\Combinations.csproj", "{6BBD2E6C-712C-4A50-82D8-800DE289DDD6}"
EndProject
Project("{2150E333-8FDC-42A3-9474-1A3956D46DE8}") = "08 [Catalan Numbers]", "08 [Catalan Numbers]", "{390C9013-F153-472E-A138-EB9AAEB84E9E}"
EndProject
Project("{FAE04EC0-301F-11D3-BF4B-00C04F79EFBC}") = "CatalanNumbers", "CatalanNumbers\CatalanNumbers.csproj", "{F58C3DCB-53D5-4EC0-8B2A-C19634078371}"
EndProject
Project("{2150E333-8FDC-42A3-9474-1A3956D46DE8}") = "09 [Matrix of Numbers]", "09 [Matrix of Numbers]", "{CB199581-D5E3-4B26-9E74-AD0A7824543B}"
EndProject
Project("{FAE04EC0-301F-11D3-BF4B-00C04F79EFBC}") = "MatrixOfNumbers", "MatrixOfNumbers\MatrixOfNumbers.csproj", "{6C57C785-B672-4345-AAEF-A556CE2F71CA}"
EndProject
Project("{2150E333-8FDC-42A3-9474-1A3956D46DE8}") = "10 [Odd and Even Product]", "10 [Odd and Even Product]", "{E0AC5819-64E3-4B2E-BB93-0AB146DB2DCC}"
EndProject
Project("{FAE04EC0-301F-11D3-BF4B-00C04F79EFBC}") = "OddAndEvenProduct", "OddAndEvenProduct\OddAndEvenProduct.csproj", "{36363714-97A1-4087-BA44-5E6184ED1D91}"
EndProject
Project("{2150E333-8FDC-42A3-9474-1A3956D46DE8}") = "11 [Random Numbers in Given Range]", "11 [Random Numbers in Given Range]", "{31D34D15-170F-4B1F-86AB-8126C6FCD578}"
EndProject
Project("{FAE04EC0-301F-11D3-BF4B-00C04F79EFBC}") = "RandomNumbersInGivenRange", "RandomNumbersInGivenRange\RandomNumbersInGivenRange.csproj", "{7379BA15-847A-43EF-A1EF-B5ED2B5E5F73}"
EndProject
Project("{2150E333-8FDC-42A3-9474-1A3956D46DE8}") = "12 [Randomize the Numbers 1-N]", "12 [Randomize the Numbers 1-N]", "{6577B7CA-13C9-4498-B76F-151159226156}"
EndProject
Project("{FAE04EC0-301F-11D3-BF4B-00C04F79EFBC}") = "RandomizeTheNumbers1N", "RandomizeTheNumbers1N\RandomizeTheNumbers1N.csproj", "{A3A9A953-9434-40A7-9C1D-F44865024AC4}"
EndProject
Project("{2150E333-8FDC-42A3-9474-1A3956D46DE8}") = "13 [Binary to Decimal Number]", "13 [Binary to Decimal Number]", "{4F9EC9F9-1CDB-4346-AC8F-F2B241437B3A}"
EndProject
Project("{FAE04EC0-301F-11D3-BF4B-00C04F79EFBC}") = "BinaryToDecimalNumber", "BinaryToDecimalNumber\BinaryToDecimalNumber.csproj", "{2B97518F-A97C-4E1D-82B2-DCFFC460C85E}"
EndProject
Project("{2150E333-8FDC-42A3-9474-1A3956D46DE8}") = "14 [Decimal to Binary Number]", "14 [Decimal to Binary Number]", "{577765A5-E9B5-44A5-911E-80AC8E3DF426}"
EndProject
Project("{FAE04EC0-301F-11D3-BF4B-00C04F79EFBC}") = "DecimalToBinaryNumber", "DecimalToBinaryNumber\DecimalToBinaryNumber.csproj", "{FD487092-BD46-4E2C-A912-7E0F75328FA2}"
EndProject
Project("{2150E333-8FDC-42A3-9474-1A3956D46DE8}") = "15 [Hexadecimal to Decimal Number]", "15 [Hexadecimal to Decimal Number]", "{C00DCCF6-3EE6-43DF-B48E-133EA4917942}"
EndProject
Project("{FAE04EC0-301F-11D3-BF4B-00C04F79EFBC}") = "HexadecimalToDecimalNumber", "HexadecimalToDecimalNumber\HexadecimalToDecimalNumber.csproj", "{62286BD3-EA3E-4AB4-B005-83321EF8D0A6}"
EndProject
Project("{2150E333-8FDC-42A3-9474-1A3956D46DE8}") = "16 [Decimal to Hexadecimal Number]", "16 [Decimal to Hexadecimal Number]", "{3B9E5708-0EE1-4AD4-84DE-430033A7B935}"
EndProject
Project("{FAE04EC0-301F-11D3-BF4B-00C04F79EFBC}") = "DecimalToHexadecimalNumber", "DecimalToHexadecimalNumber\DecimalToHexadecimalNumber.csproj", "{AFEC1197-04D1-40F9-A63A-200406A3E007}"
EndProject
Project("{2150E333-8FDC-42A3-9474-1A3956D46DE8}") = "17 [Calculate GCD]", "17 [Calculate GCD]", "{46ECA199-C76E-4667-90C9-4AAA78942F96}"
EndProject
Project("{FAE04EC0-301F-11D3-BF4B-00C04F79EFBC}") = "CalculateGCD", "CalculateGCD\CalculateGCD.csproj", "{30E27986-1969-451A-BDBD-E5A30D547721}"
EndProject
Project("{2150E333-8FDC-42A3-9474-1A3956D46DE8}") = "18 [Trailing Zeroes in N!]", "18 [Trailing Zeroes in N!]", "{85034ACD-7722-4150-9821-B3009EC7514A}"
EndProject
Project("{FAE04EC0-301F-11D3-BF4B-00C04F79EFBC}") = "TrailingZeroesInN!", "TrailingZeroesInN!\TrailingZeroesInN!.csproj", "{CA8AF2D8-ED62-4857-8BA4-81B558AC7CDC}"
EndProject
Project("{2150E333-8FDC-42A3-9474-1A3956D46DE8}") = "19 [Spiral Matrix]", "19 [Spiral Matrix]", "{DFD8269A-9B19-42A9-A356-762E1D4324F8}"
EndProject
Project("{FAE04EC0-301F-11D3-BF4B-00C04F79EFBC}") = "SpiralMatrix", "SpiralMatrix\SpiralMatrix.csproj", "{600660B9-545D-4B3B-8765-1DCA782A96CB}"
EndProject
Project("{2150E333-8FDC-42A3-9474-1A3956D46DE8}") = "20 [EXAM PROBLEMS]", "20 [EXAM PROBLEMS]", "{96438AED-2304-43ED-968B-C75EC9373D55}"
EndProject
Project("{FAE04EC0-301F-11D3-BF4B-00C04F79EFBC}") = "ExamSchedule", "ExamSchedule\ExamSchedule.csproj", "{427AF593-B7ED-4586-B709-91588FC44D7A}"
EndProject
Project("{FAE04EC0-301F-11D3-BF4B-00C04F79EFBC}") = "OddEvenElements", "OddEvenElements\OddEvenElements.csproj", "{510EBCD6-181F-4F8C-888D-98387C61A970}"
EndProject
Project("{FAE04EC0-301F-11D3-BF4B-00C04F79EFBC}") = "Arrow", "Arrow\Arrow.csproj", "{A0D112F7-6545-4D7D-8CE5-C2A7121050FD}"
EndProject
Project("{FAE04EC0-301F-11D3-BF4B-00C04F79EFBC}") = "FiveSpecialLetters", "FiveSpecialLetters\FiveSpecialLetters.csproj", "{17FE93CD-B9DB-4682-895C-B5F09AC4A45B}"
EndProject
Project("{FAE04EC0-301F-11D3-BF4B-00C04F79EFBC}") = "BitRoller", "BitRoller\BitRoller.csproj", "{419D5F42-28CA-47C2-925E-EDCB5DC78572}"
EndProject
Global
	GlobalSection(SolutionConfigurationPlatforms) = preSolution
		Debug|Any CPU = Debug|Any CPU
		Release|Any CPU = Release|Any CPU
	EndGlobalSection
	GlobalSection(ProjectConfigurationPlatforms) = postSolution
		{7A6A2735-04BC-40CF-9238-AFA193A783E2}.Debug|Any CPU.ActiveCfg = Debug|Any CPU
		{7A6A2735-04BC-40CF-9238-AFA193A783E2}.Debug|Any CPU.Build.0 = Debug|Any CPU
		{7A6A2735-04BC-40CF-9238-AFA193A783E2}.Release|Any CPU.ActiveCfg = Release|Any CPU
		{7A6A2735-04BC-40CF-9238-AFA193A783E2}.Release|Any CPU.Build.0 = Release|Any CPU
		{ADF2ABA3-F7C6-4D63-A417-35F1722F99C2}.Debug|Any CPU.ActiveCfg = Debug|Any CPU
		{ADF2ABA3-F7C6-4D63-A417-35F1722F99C2}.Debug|Any CPU.Build.0 = Debug|Any CPU
		{ADF2ABA3-F7C6-4D63-A417-35F1722F99C2}.Release|Any CPU.ActiveCfg = Release|Any CPU
		{ADF2ABA3-F7C6-4D63-A417-35F1722F99C2}.Release|Any CPU.Build.0 = Release|Any CPU
		{FF699E1A-0A61-4E10-898F-A5858B2DE03E}.Debug|Any CPU.ActiveCfg = Debug|Any CPU
		{FF699E1A-0A61-4E10-898F-A5858B2DE03E}.Debug|Any CPU.Build.0 = Debug|Any CPU
		{FF699E1A-0A61-4E10-898F-A5858B2DE03E}.Release|Any CPU.ActiveCfg = Release|Any CPU
		{FF699E1A-0A61-4E10-898F-A5858B2DE03E}.Release|Any CPU.Build.0 = Release|Any CPU
		{82594E3D-3C20-4C5C-82BA-55DEDBDF95C8}.Debug|Any CPU.ActiveCfg = Debug|Any CPU
		{82594E3D-3C20-4C5C-82BA-55DEDBDF95C8}.Debug|Any CPU.Build.0 = Debug|Any CPU
		{82594E3D-3C20-4C5C-82BA-55DEDBDF95C8}.Release|Any CPU.ActiveCfg = Release|Any CPU
		{82594E3D-3C20-4C5C-82BA-55DEDBDF95C8}.Release|Any CPU.Build.0 = Release|Any CPU
		{B9F71EFC-DA5C-46F0-B8F3-989653A2BC28}.Debug|Any CPU.ActiveCfg = Debug|Any CPU
		{B9F71EFC-DA5C-46F0-B8F3-989653A2BC28}.Debug|Any CPU.Build.0 = Debug|Any CPU
		{B9F71EFC-DA5C-46F0-B8F3-989653A2BC28}.Release|Any CPU.ActiveCfg = Release|Any CPU
		{B9F71EFC-DA5C-46F0-B8F3-989653A2BC28}.Release|Any CPU.Build.0 = Release|Any CPU
		{06460E1C-1CAB-474C-AC2E-5A2A28BCE368}.Debug|Any CPU.ActiveCfg = Debug|Any CPU
		{06460E1C-1CAB-474C-AC2E-5A2A28BCE368}.Debug|Any CPU.Build.0 = Debug|Any CPU
		{06460E1C-1CAB-474C-AC2E-5A2A28BCE368}.Release|Any CPU.ActiveCfg = Release|Any CPU
		{06460E1C-1CAB-474C-AC2E-5A2A28BCE368}.Release|Any CPU.Build.0 = Release|Any CPU
		{6BBD2E6C-712C-4A50-82D8-800DE289DDD6}.Debug|Any CPU.ActiveCfg = Debug|Any CPU
		{6BBD2E6C-712C-4A50-82D8-800DE289DDD6}.Debug|Any CPU.Build.0 = Debug|Any CPU
		{6BBD2E6C-712C-4A50-82D8-800DE289DDD6}.Release|Any CPU.ActiveCfg = Release|Any CPU
		{6BBD2E6C-712C-4A50-82D8-800DE289DDD6}.Release|Any CPU.Build.0 = Release|Any CPU
		{F58C3DCB-53D5-4EC0-8B2A-C19634078371}.Debug|Any CPU.ActiveCfg = Debug|Any CPU
		{F58C3DCB-53D5-4EC0-8B2A-C19634078371}.Debug|Any CPU.Build.0 = Debug|Any CPU
		{F58C3DCB-53D5-4EC0-8B2A-C19634078371}.Release|Any CPU.ActiveCfg = Release|Any CPU
		{F58C3DCB-53D5-4EC0-8B2A-C19634078371}.Release|Any CPU.Build.0 = Release|Any CPU
		{6C57C785-B672-4345-AAEF-A556CE2F71CA}.Debug|Any CPU.ActiveCfg = Debug|Any CPU
		{6C57C785-B672-4345-AAEF-A556CE2F71CA}.Debug|Any CPU.Build.0 = Debug|Any CPU
		{6C57C785-B672-4345-AAEF-A556CE2F71CA}.Release|Any CPU.ActiveCfg = Release|Any CPU
		{6C57C785-B672-4345-AAEF-A556CE2F71CA}.Release|Any CPU.Build.0 = Release|Any CPU
		{36363714-97A1-4087-BA44-5E6184ED1D91}.Debug|Any CPU.ActiveCfg = Debug|Any CPU
		{36363714-97A1-4087-BA44-5E6184ED1D91}.Debug|Any CPU.Build.0 = Debug|Any CPU
		{36363714-97A1-4087-BA44-5E6184ED1D91}.Release|Any CPU.ActiveCfg = Release|Any CPU
		{36363714-97A1-4087-BA44-5E6184ED1D91}.Release|Any CPU.Build.0 = Release|Any CPU
		{7379BA15-847A-43EF-A1EF-B5ED2B5E5F73}.Debug|Any CPU.ActiveCfg = Debug|Any CPU
		{7379BA15-847A-43EF-A1EF-B5ED2B5E5F73}.Debug|Any CPU.Build.0 = Debug|Any CPU
		{7379BA15-847A-43EF-A1EF-B5ED2B5E5F73}.Release|Any CPU.ActiveCfg = Release|Any CPU
		{7379BA15-847A-43EF-A1EF-B5ED2B5E5F73}.Release|Any CPU.Build.0 = Release|Any CPU
		{A3A9A953-9434-40A7-9C1D-F44865024AC4}.Debug|Any CPU.ActiveCfg = Debug|Any CPU
		{A3A9A953-9434-40A7-9C1D-F44865024AC4}.Debug|Any CPU.Build.0 = Debug|Any CPU
		{A3A9A953-9434-40A7-9C1D-F44865024AC4}.Release|Any CPU.ActiveCfg = Release|Any CPU
		{A3A9A953-9434-40A7-9C1D-F44865024AC4}.Release|Any CPU.Build.0 = Release|Any CPU
		{2B97518F-A97C-4E1D-82B2-DCFFC460C85E}.Debug|Any CPU.ActiveCfg = Debug|Any CPU
		{2B97518F-A97C-4E1D-82B2-DCFFC460C85E}.Debug|Any CPU.Build.0 = Debug|Any CPU
		{2B97518F-A97C-4E1D-82B2-DCFFC460C85E}.Release|Any CPU.ActiveCfg = Release|Any CPU
		{2B97518F-A97C-4E1D-82B2-DCFFC460C85E}.Release|Any CPU.Build.0 = Release|Any CPU
		{FD487092-BD46-4E2C-A912-7E0F75328FA2}.Debug|Any CPU.ActiveCfg = Debug|Any CPU
		{FD487092-BD46-4E2C-A912-7E0F75328FA2}.Debug|Any CPU.Build.0 = Debug|Any CPU
		{FD487092-BD46-4E2C-A912-7E0F75328FA2}.Release|Any CPU.ActiveCfg = Release|Any CPU
		{FD487092-BD46-4E2C-A912-7E0F75328FA2}.Release|Any CPU.Build.0 = Release|Any CPU
		{62286BD3-EA3E-4AB4-B005-83321EF8D0A6}.Debug|Any CPU.ActiveCfg = Debug|Any CPU
		{62286BD3-EA3E-4AB4-B005-83321EF8D0A6}.Debug|Any CPU.Build.0 = Debug|Any CPU
		{62286BD3-EA3E-4AB4-B005-83321EF8D0A6}.Release|Any CPU.ActiveCfg = Release|Any CPU
		{62286BD3-EA3E-4AB4-B005-83321EF8D0A6}.Release|Any CPU.Build.0 = Release|Any CPU
		{AFEC1197-04D1-40F9-A63A-200406A3E007}.Debug|Any CPU.ActiveCfg = Debug|Any CPU
		{AFEC1197-04D1-40F9-A63A-200406A3E007}.Debug|Any CPU.Build.0 = Debug|Any CPU
		{AFEC1197-04D1-40F9-A63A-200406A3E007}.Release|Any CPU.ActiveCfg = Release|Any CPU
		{AFEC1197-04D1-40F9-A63A-200406A3E007}.Release|Any CPU.Build.0 = Release|Any CPU
		{30E27986-1969-451A-BDBD-E5A30D547721}.Debug|Any CPU.ActiveCfg = Debug|Any CPU
		{30E27986-1969-451A-BDBD-E5A30D547721}.Debug|Any CPU.Build.0 = Debug|Any CPU
		{30E27986-1969-451A-BDBD-E5A30D547721}.Release|Any CPU.ActiveCfg = Release|Any CPU
		{30E27986-1969-451A-BDBD-E5A30D547721}.Release|Any CPU.Build.0 = Release|Any CPU
		{CA8AF2D8-ED62-4857-8BA4-81B558AC7CDC}.Debug|Any CPU.ActiveCfg = Debug|Any CPU
		{CA8AF2D8-ED62-4857-8BA4-81B558AC7CDC}.Debug|Any CPU.Build.0 = Debug|Any CPU
		{CA8AF2D8-ED62-4857-8BA4-81B558AC7CDC}.Release|Any CPU.ActiveCfg = Release|Any CPU
		{CA8AF2D8-ED62-4857-8BA4-81B558AC7CDC}.Release|Any CPU.Build.0 = Release|Any CPU
		{600660B9-545D-4B3B-8765-1DCA782A96CB}.Debug|Any CPU.ActiveCfg = Debug|Any CPU
		{600660B9-545D-4B3B-8765-1DCA782A96CB}.Debug|Any CPU.Build.0 = Debug|Any CPU
		{600660B9-545D-4B3B-8765-1DCA782A96CB}.Release|Any CPU.ActiveCfg = Release|Any CPU
		{600660B9-545D-4B3B-8765-1DCA782A96CB}.Release|Any CPU.Build.0 = Release|Any CPU
		{427AF593-B7ED-4586-B709-91588FC44D7A}.Debug|Any CPU.ActiveCfg = Debug|Any CPU
		{427AF593-B7ED-4586-B709-91588FC44D7A}.Debug|Any CPU.Build.0 = Debug|Any CPU
		{427AF593-B7ED-4586-B709-91588FC44D7A}.Release|Any CPU.ActiveCfg = Release|Any CPU
		{427AF593-B7ED-4586-B709-91588FC44D7A}.Release|Any CPU.Build.0 = Release|Any CPU
		{510EBCD6-181F-4F8C-888D-98387C61A970}.Debug|Any CPU.ActiveCfg = Debug|Any CPU
		{510EBCD6-181F-4F8C-888D-98387C61A970}.Debug|Any CPU.Build.0 = Debug|Any CPU
		{510EBCD6-181F-4F8C-888D-98387C61A970}.Release|Any CPU.ActiveCfg = Release|Any CPU
		{510EBCD6-181F-4F8C-888D-98387C61A970}.Release|Any CPU.Build.0 = Release|Any CPU
		{A0D112F7-6545-4D7D-8CE5-C2A7121050FD}.Debug|Any CPU.ActiveCfg = Debug|Any CPU
		{A0D112F7-6545-4D7D-8CE5-C2A7121050FD}.Debug|Any CPU.Build.0 = Debug|Any CPU
		{A0D112F7-6545-4D7D-8CE5-C2A7121050FD}.Release|Any CPU.ActiveCfg = Release|Any CPU
		{A0D112F7-6545-4D7D-8CE5-C2A7121050FD}.Release|Any CPU.Build.0 = Release|Any CPU
		{17FE93CD-B9DB-4682-895C-B5F09AC4A45B}.Debug|Any CPU.ActiveCfg = Debug|Any CPU
		{17FE93CD-B9DB-4682-895C-B5F09AC4A45B}.Debug|Any CPU.Build.0 = Debug|Any CPU
		{17FE93CD-B9DB-4682-895C-B5F09AC4A45B}.Release|Any CPU.ActiveCfg = Release|Any CPU
		{17FE93CD-B9DB-4682-895C-B5F09AC4A45B}.Release|Any CPU.Build.0 = Release|Any CPU
		{419D5F42-28CA-47C2-925E-EDCB5DC78572}.Debug|Any CPU.ActiveCfg = Debug|Any CPU
		{419D5F42-28CA-47C2-925E-EDCB5DC78572}.Debug|Any CPU.Build.0 = Debug|Any CPU
		{419D5F42-28CA-47C2-925E-EDCB5DC78572}.Release|Any CPU.ActiveCfg = Release|Any CPU
		{419D5F42-28CA-47C2-925E-EDCB5DC78572}.Release|Any CPU.Build.0 = Release|Any CPU
	EndGlobalSection
	GlobalSection(SolutionProperties) = preSolution
		HideSolutionNode = FALSE
	EndGlobalSection
	GlobalSection(NestedProjects) = preSolution
		{7A6A2735-04BC-40CF-9238-AFA193A783E2} = {EE3E2A2F-5BE5-465A-BA67-297E3E8EDF28}
		{ADF2ABA3-F7C6-4D63-A417-35F1722F99C2} = {B9837E18-E2EB-4112-A243-CBC4CD988BDD}
		{FF699E1A-0A61-4E10-898F-A5858B2DE03E} = {981A4E3C-EBEC-49FA-9596-CF1E15DCB47B}
		{82594E3D-3C20-4C5C-82BA-55DEDBDF95C8} = {362A82C6-1EE9-4439-A644-945738AB0048}
		{B9F71EFC-DA5C-46F0-B8F3-989653A2BC28} = {CE12C626-37A2-4FB9-B88F-7E06787E1326}
		{06460E1C-1CAB-474C-AC2E-5A2A28BCE368} = {1E3FC181-38D2-40FC-B968-5BDA6C89EA51}
		{6BBD2E6C-712C-4A50-82D8-800DE289DDD6} = {0388CA76-40B3-450C-AD28-B49F3D86EE88}
		{F58C3DCB-53D5-4EC0-8B2A-C19634078371} = {390C9013-F153-472E-A138-EB9AAEB84E9E}
		{6C57C785-B672-4345-AAEF-A556CE2F71CA} = {CB199581-D5E3-4B26-9E74-AD0A7824543B}
		{36363714-97A1-4087-BA44-5E6184ED1D91} = {E0AC5819-64E3-4B2E-BB93-0AB146DB2DCC}
		{7379BA15-847A-43EF-A1EF-B5ED2B5E5F73} = {31D34D15-170F-4B1F-86AB-8126C6FCD578}
		{A3A9A953-9434-40A7-9C1D-F44865024AC4} = {6577B7CA-13C9-4498-B76F-151159226156}
		{2B97518F-A97C-4E1D-82B2-DCFFC460C85E} = {4F9EC9F9-1CDB-4346-AC8F-F2B241437B3A}
		{FD487092-BD46-4E2C-A912-7E0F75328FA2} = {577765A5-E9B5-44A5-911E-80AC8E3DF426}
		{62286BD3-EA3E-4AB4-B005-83321EF8D0A6} = {C00DCCF6-3EE6-43DF-B48E-133EA4917942}
		{AFEC1197-04D1-40F9-A63A-200406A3E007} = {3B9E5708-0EE1-4AD4-84DE-430033A7B935}
		{30E27986-1969-451A-BDBD-E5A30D547721} = {46ECA199-C76E-4667-90C9-4AAA78942F96}
		{CA8AF2D8-ED62-4857-8BA4-81B558AC7CDC} = {85034ACD-7722-4150-9821-B3009EC7514A}
		{600660B9-545D-4B3B-8765-1DCA782A96CB} = {DFD8269A-9B19-42A9-A356-762E1D4324F8}
		{427AF593-B7ED-4586-B709-91588FC44D7A} = {96438AED-2304-43ED-968B-C75EC9373D55}
		{510EBCD6-181F-4F8C-888D-98387C61A970} = {96438AED-2304-43ED-968B-C75EC9373D55}
		{A0D112F7-6545-4D7D-8CE5-C2A7121050FD} = {96438AED-2304-43ED-968B-C75EC9373D55}
		{17FE93CD-B9DB-4682-895C-B5F09AC4A45B} = {96438AED-2304-43ED-968B-C75EC9373D55}
		{419D5F42-28CA-47C2-925E-EDCB5DC78572} = {96438AED-2304-43ED-968B-C75EC9373D55}
	EndGlobalSection
EndGlobal
